
Microsoft Visual Studio Solution File, Format Version 12.00
# Visual Studio Version 16
VisualStudioVersion = 16.0.30204.135
MinimumVisualStudioVersion = 10.0.40219.1
Project("{9A19103F-16F7-4668-BE54-9A1E7A4F7556}") = "TrentTobler.Collections.Sorted", "TrentTobler.Collections.Sorted\TrentTobler.Collections.Sorted.csproj", "{9349DED0-DD66-4117-A534-9A0B04C70692}"
EndProject
Project("{9A19103F-16F7-4668-BE54-9A1E7A4F7556}") = "TrentTobler.Collections.Sorted.Tests", "TrentTobler.Collections.Sorted.Tests\TrentTobler.Collections.Sorted.Tests.csproj", "{33945D5D-1019-41EE-B60D-7C0C8805F622}"
EndProject
Project("{FAE04EC0-301F-11D3-BF4B-00C04F79EFBC}") = "BTreeResearch", "BTreeResearch\BTreeResearch.csproj", "{956D5C53-97C3-4685-B39F-FBD37B7D9A82}"
EndProject
Global
	GlobalSection(SolutionConfigurationPlatforms) = preSolution
		Debug|Any CPU = Debug|Any CPU
		Debug|Mixed Platforms = Debug|Mixed Platforms
		Debug|x86 = Debug|x86
		Release|Any CPU = Release|Any CPU
		Release|Mixed Platforms = Release|Mixed Platforms
		Release|x86 = Release|x86
	EndGlobalSection
	GlobalSection(ProjectConfigurationPlatforms) = postSolution
		{9349DED0-DD66-4117-A534-9A0B04C70692}.Debug|Any CPU.ActiveCfg = Debug|Any CPU
		{9349DED0-DD66-4117-A534-9A0B04C70692}.Debug|Any CPU.Build.0 = Debug|Any CPU
		{9349DED0-DD66-4117-A534-9A0B04C70692}.Debug|Mixed Platforms.ActiveCfg = Debug|Any CPU
		{9349DED0-DD66-4117-A534-9A0B04C70692}.Debug|Mixed Platforms.Build.0 = Debug|Any CPU
		{9349DED0-DD66-4117-A534-9A0B04C70692}.Debug|x86.ActiveCfg = Debug|Any CPU
		{9349DED0-DD66-4117-A534-9A0B04C70692}.Debug|x86.Build.0 = Debug|Any CPU
		{9349DED0-DD66-4117-A534-9A0B04C70692}.Release|Any CPU.ActiveCfg = Release|Any CPU
		{9349DED0-DD66-4117-A534-9A0B04C70692}.Release|Any CPU.Build.0 = Release|Any CPU
		{9349DED0-DD66-4117-A534-9A0B04C70692}.Release|Mixed Platforms.ActiveCfg = Release|Any CPU
		{9349DED0-DD66-4117-A534-9A0B04C70692}.Release|Mixed Platforms.Build.0 = Release|Any CPU
		{9349DED0-DD66-4117-A534-9A0B04C70692}.Release|x86.ActiveCfg = Release|Any CPU
		{9349DED0-DD66-4117-A534-9A0B04C70692}.Release|x86.Build.0 = Release|Any CPU
		{33945D5D-1019-41EE-B60D-7C0C8805F622}.Debug|Any CPU.ActiveCfg = Debug|Any CPU
		{33945D5D-1019-41EE-B60D-7C0C8805F622}.Debug|Any CPU.Build.0 = Debug|Any CPU
		{33945D5D-1019-41EE-B60D-7C0C8805F622}.Debug|Mixed Platforms.ActiveCfg = Debug|Any CPU
		{33945D5D-1019-41EE-B60D-7C0C8805F622}.Debug|Mixed Platforms.Build.0 = Debug|Any CPU
		{33945D5D-1019-41EE-B60D-7C0C8805F622}.Debug|x86.ActiveCfg = Debug|Any CPU
		{33945D5D-1019-41EE-B60D-7C0C8805F622}.Debug|x86.Build.0 = Debug|Any CPU
		{33945D5D-1019-41EE-B60D-7C0C8805F622}.Release|Any CPU.ActiveCfg = Release|Any CPU
		{33945D5D-1019-41EE-B60D-7C0C8805F622}.Release|Any CPU.Build.0 = Release|Any CPU
		{33945D5D-1019-41EE-B60D-7C0C8805F622}.Release|Mixed Platforms.ActiveCfg = Release|Any CPU
		{33945D5D-1019-41EE-B60D-7C0C8805F622}.Release|Mixed Platforms.Build.0 = Release|Any CPU
		{33945D5D-1019-41EE-B60D-7C0C8805F622}.Release|x86.ActiveCfg = Release|Any CPU
		{33945D5D-1019-41EE-B60D-7C0C8805F622}.Release|x86.Build.0 = Release|Any CPU
		{956D5C53-97C3-4685-B39F-FBD37B7D9A82}.Debug|Any CPU.ActiveCfg = Debug|Any CPU
		{956D5C53-97C3-4685-B39F-FBD37B7D9A82}.Debug|Any CPU.Build.0 = Debug|Any CPU
		{956D5C53-97C3-4685-B39F-FBD37B7D9A82}.Debug|Mixed Platforms.ActiveCfg = Debug|Any CPU
		{956D5C53-97C3-4685-B39F-FBD37B7D9A82}.Debug|Mixed Platforms.Build.0 = Debug|Any CPU
		{956D5C53-97C3-4685-B39F-FBD37B7D9A82}.Debug|x86.ActiveCfg = Debug|Any CPU
		{956D5C53-97C3-4685-B39F-FBD37B7D9A82}.Debug|x86.Build.0 = Debug|Any CPU
		{956D5C53-97C3-4685-B39F-FBD37B7D9A82}.Release|Any CPU.ActiveCfg = Release|Any CPU
		{956D5C53-97C3-4685-B39F-FBD37B7D9A82}.Release|Any CPU.Build.0 = Release|Any CPU
		{956D5C53-97C3-4685-B39F-FBD37B7D9A82}.Release|Mixed Platforms.ActiveCfg = Release|Any CPU
		{956D5C53-97C3-4685-B39F-FBD37B7D9A82}.Release|Mixed Platforms.Build.0 = Release|Any CPU
		{956D5C53-97C3-4685-B39F-FBD37B7D9A82}.Release|x86.ActiveCfg = Release|Any CPU
		{956D5C53-97C3-4685-B39F-FBD37B7D9A82}.Release|x86.Build.0 = Release|Any CPU
	EndGlobalSection
	GlobalSection(SolutionProperties) = preSolution
		HideSolutionNode = FALSE
	EndGlobalSection
	GlobalSection(ExtensibilityGlobals) = postSolution
		SolutionGuid = {EF5EF253-386A-4A85-9AF7-632071F52140}
	EndGlobalSection
EndGlobal
